
Microsoft Visual Studio Solution File, Format Version 12.00
# Visual Studio Version 17
VisualStudioVersion = 17.8.34309.116
MinimumVisualStudioVersion = 10.0.40219.1
Project("{FAE04EC0-301F-11D3-BF4B-00C04F79EFBC}") = "Checkout.Services", "Checkout.Services\Checkout.Services.csproj", "{EC2D2066-83A7-47BE-97BC-740C574954F4}"
EndProject
Project("{FAE04EC0-301F-11D3-BF4B-00C04F79EFBC}") = "Checkout.Services.Interfaces", "Checkout.Services.Interfaces\Checkout.Services.Interfaces.csproj", "{5188A25D-B554-428D-8384-7B955EAEB42C}"
EndProject
Project("{FAE04EC0-301F-11D3-BF4B-00C04F79EFBC}") = "Checkout.Repositories", "Checkout.Repositories\Checkout.Repositories.csproj", "{4E01EAE2-1D3C-4B6F-A38A-8870F5628A63}"
EndProject
Project("{FAE04EC0-301F-11D3-BF4B-00C04F79EFBC}") = "Checkout.Services.Models", "Checkout.Services.Models\Checkout.Services.Models.csproj", "{747FBF48-6045-4C79-9D96-09AF258E2052}"
EndProject
Project("{FAE04EC0-301F-11D3-BF4B-00C04F79EFBC}") = "Checkout.Services.Tests", "checkout.Services.Tests\Checkout.Services.Tests.csproj", "{A0B206C4-EE7F-4270-8C00-D069E64999D7}"
EndProject
Global
	GlobalSection(SolutionConfigurationPlatforms) = preSolution
		Debug|Any CPU = Debug|Any CPU
		Release|Any CPU = Release|Any CPU
	EndGlobalSection
	GlobalSection(ProjectConfigurationPlatforms) = postSolution
		{EC2D2066-83A7-47BE-97BC-740C574954F4}.Debug|Any CPU.ActiveCfg = Debug|Any CPU
		{EC2D2066-83A7-47BE-97BC-740C574954F4}.Debug|Any CPU.Build.0 = Debug|Any CPU
		{EC2D2066-83A7-47BE-97BC-740C574954F4}.Release|Any CPU.ActiveCfg = Release|Any CPU
		{EC2D2066-83A7-47BE-97BC-740C574954F4}.Release|Any CPU.Build.0 = Release|Any CPU
		{5188A25D-B554-428D-8384-7B955EAEB42C}.Debug|Any CPU.ActiveCfg = Debug|Any CPU
		{5188A25D-B554-428D-8384-7B955EAEB42C}.Debug|Any CPU.Build.0 = Debug|Any CPU
		{5188A25D-B554-428D-8384-7B955EAEB42C}.Release|Any CPU.ActiveCfg = Release|Any CPU
		{5188A25D-B554-428D-8384-7B955EAEB42C}.Release|Any CPU.Build.0 = Release|Any CPU
		{4E01EAE2-1D3C-4B6F-A38A-8870F5628A63}.Debug|Any CPU.ActiveCfg = Debug|Any CPU
		{4E01EAE2-1D3C-4B6F-A38A-8870F5628A63}.Debug|Any CPU.Build.0 = Debug|Any CPU
		{4E01EAE2-1D3C-4B6F-A38A-8870F5628A63}.Release|Any CPU.ActiveCfg = Release|Any CPU
		{4E01EAE2-1D3C-4B6F-A38A-8870F5628A63}.Release|Any CPU.Build.0 = Release|Any CPU
		{747FBF48-6045-4C79-9D96-09AF258E2052}.Debug|Any CPU.ActiveCfg = Debug|Any CPU
		{747FBF48-6045-4C79-9D96-09AF258E2052}.Debug|Any CPU.Build.0 = Debug|Any CPU
		{747FBF48-6045-4C79-9D96-09AF258E2052}.Release|Any CPU.ActiveCfg = Release|Any CPU
		{747FBF48-6045-4C79-9D96-09AF258E2052}.Release|Any CPU.Build.0 = Release|Any CPU
		{A0B206C4-EE7F-4270-8C00-D069E64999D7}.Debug|Any CPU.ActiveCfg = Debug|Any CPU
		{A0B206C4-EE7F-4270-8C00-D069E64999D7}.Debug|Any CPU.Build.0 = Debug|Any CPU
		{A0B206C4-EE7F-4270-8C00-D069E64999D7}.Release|Any CPU.ActiveCfg = Release|Any CPU
		{A0B206C4-EE7F-4270-8C00-D069E64999D7}.Release|Any CPU.Build.0 = Release|Any CPU
	EndGlobalSection
	GlobalSection(SolutionProperties) = preSolution
		HideSolutionNode = FALSE
	EndGlobalSection
	GlobalSection(ExtensibilityGlobals) = postSolution
		SolutionGuid = {7A0E0012-5ACA-4257-B796-A9A349624AFA}
	EndGlobalSection
EndGlobal
